
Microsoft Visual Studio Solution File, Format Version 12.00
# Visual Studio Version 17
VisualStudioVersion = 17.7.34018.315
MinimumVisualStudioVersion = 10.0.40219.1
Project("{9A19103F-16F7-4668-BE54-9A1E7A4F7556}") = "ZOOMValidation", "ZOOMValidation\ZOOMValidation.csproj", "{DD790BD9-C2E9-46AF-99B6-6A3963557014}"
EndProject
Project("{9A19103F-16F7-4668-BE54-9A1E7A4F7556}") = "ZOOMValidation.Tests", "ZOOMValidation.Tests\ZOOMValidation.Tests.csproj", "{56CBE025-4FDB-495C-B86E-040754E61B7E}"
EndProject
Global
	GlobalSection(SolutionConfigurationPlatforms) = preSolution
		Debug|Any CPU = Debug|Any CPU
		Release|Any CPU = Release|Any CPU
	EndGlobalSection
	GlobalSection(ProjectConfigurationPlatforms) = postSolution
		{DD790BD9-C2E9-46AF-99B6-6A3963557014}.Debug|Any CPU.ActiveCfg = Debug|Any CPU
		{DD790BD9-C2E9-46AF-99B6-6A3963557014}.Debug|Any CPU.Build.0 = Debug|Any CPU
		{DD790BD9-C2E9-46AF-99B6-6A3963557014}.Release|Any CPU.ActiveCfg = Release|Any CPU
		{DD790BD9-C2E9-46AF-99B6-6A3963557014}.Release|Any CPU.Build.0 = Release|Any CPU
		{56CBE025-4FDB-495C-B86E-040754E61B7E}.Debug|Any CPU.ActiveCfg = Debug|Any CPU
		{56CBE025-4FDB-495C-B86E-040754E61B7E}.Debug|Any CPU.Build.0 = Debug|Any CPU
		{56CBE025-4FDB-495C-B86E-040754E61B7E}.Release|Any CPU.ActiveCfg = Release|Any CPU
		{56CBE025-4FDB-495C-B86E-040754E61B7E}.Release|Any CPU.Build.0 = Release|Any CPU
	EndGlobalSection
	GlobalSection(SolutionProperties) = preSolution
		HideSolutionNode = FALSE
	EndGlobalSection
	GlobalSection(ExtensibilityGlobals) = postSolution
		SolutionGuid = {E220C20E-B7F1-47E9-B771-84920CE97900}
	EndGlobalSection
EndGlobal
